
Microsoft Visual Studio Solution File, Format Version 12.00
# Visual Studio Version 16
VisualStudioVersion = 16.0.29424.173
MinimumVisualStudioVersion = 10.0.40219.1
Project("{FAE04EC0-301F-11D3-BF4B-00C04F79EFBC}") = "ExpertSystem", "ExpertSystem\ExpertSystem.csproj", "{6534C14B-478E-4BDB-A65E-038DBF3AA0F7}"
EndProject
Global
	GlobalSection(SolutionConfigurationPlatforms) = preSolution
		Debug|Any CPU = Debug|Any CPU
		Release|Any CPU = Release|Any CPU
	EndGlobalSection
	GlobalSection(ProjectConfigurationPlatforms) = postSolution
		{6534C14B-478E-4BDB-A65E-038DBF3AA0F7}.Debug|Any CPU.ActiveCfg = Debug|Any CPU
		{6534C14B-478E-4BDB-A65E-038DBF3AA0F7}.Debug|Any CPU.Build.0 = Debug|Any CPU
		{6534C14B-478E-4BDB-A65E-038DBF3AA0F7}.Release|Any CPU.ActiveCfg = Release|Any CPU
		{6534C14B-478E-4BDB-A65E-038DBF3AA0F7}.Release|Any CPU.Build.0 = Release|Any CPU
	EndGlobalSection
	GlobalSection(SolutionProperties) = preSolution
		HideSolutionNode = FALSE
	EndGlobalSection
	GlobalSection(ExtensibilityGlobals) = postSolution
		SolutionGuid = {B7439C98-F3AD-4B0F-9321-B937F7704B95}
	EndGlobalSection
EndGlobal
